
Microsoft Visual Studio Solution File, Format Version 12.00
# Visual Studio Version 17
VisualStudioVersion = 17.5.33627.172
MinimumVisualStudioVersion = 10.0.40219.1
Project("{9A19103F-16F7-4668-BE54-9A1E7A4F7556}") = "MASTERAPI", "MASTERAPI\MASTERAPI.csproj", "{A70D4936-B49C-4044-9316-430F8C68E424}"
EndProject
Project("{E53339B2-1760-4266-BCC7-CA923CBCF16C}") = "docker-compose", "docker-compose.dcproj", "{145ADE49-5731-42A3-B672-44B2FF1CE0A6}"
EndProject
Global
	GlobalSection(SolutionConfigurationPlatforms) = preSolution
		Debug|Any CPU = Debug|Any CPU
		Release|Any CPU = Release|Any CPU
	EndGlobalSection
	GlobalSection(ProjectConfigurationPlatforms) = postSolution
		{A70D4936-B49C-4044-9316-430F8C68E424}.Debug|Any CPU.ActiveCfg = Debug|Any CPU
		{A70D4936-B49C-4044-9316-430F8C68E424}.Debug|Any CPU.Build.0 = Debug|Any CPU
		{A70D4936-B49C-4044-9316-430F8C68E424}.Release|Any CPU.ActiveCfg = Release|Any CPU
		{A70D4936-B49C-4044-9316-430F8C68E424}.Release|Any CPU.Build.0 = Release|Any CPU
		{145ADE49-5731-42A3-B672-44B2FF1CE0A6}.Debug|Any CPU.ActiveCfg = Debug|Any CPU
		{145ADE49-5731-42A3-B672-44B2FF1CE0A6}.Debug|Any CPU.Build.0 = Debug|Any CPU
		{145ADE49-5731-42A3-B672-44B2FF1CE0A6}.Release|Any CPU.ActiveCfg = Release|Any CPU
		{145ADE49-5731-42A3-B672-44B2FF1CE0A6}.Release|Any CPU.Build.0 = Release|Any CPU
	EndGlobalSection
	GlobalSection(SolutionProperties) = preSolution
		HideSolutionNode = FALSE
	EndGlobalSection
	GlobalSection(ExtensibilityGlobals) = postSolution
		SolutionGuid = {C4DBD7C0-2C78-4CC3-A2F5-120E0984C972}
	EndGlobalSection
EndGlobal
